
Microsoft Visual Studio Solution File, Format Version 12.00
# Visual Studio 15
VisualStudioVersion = 15.0.27428.2027
MinimumVisualStudioVersion = 10.0.40219.1
Project("{FAE04EC0-301F-11D3-BF4B-00C04F79EFBC}") = "WpfApp1", "WpfApp1\WpfApp1.csproj", "{6AE607A0-8BFF-4040-8CF9-4264D2D904DA}"
EndProject
Project("{FAE04EC0-301F-11D3-BF4B-00C04F79EFBC}") = "WpfApp1Tests", "WpfApp1Tests\WpfApp1Tests.csproj", "{E9D2B7D1-3827-46A5-9472-B22A791CA2EF}"
EndProject
Project("{FAE04EC0-301F-11D3-BF4B-00C04F79EFBC}") = "ConverterSample", "ConverterSample\ConverterSample.csproj", "{CEBE8374-6C61-4D4B-ACE8-49E3B524D746}"
EndProject
Project("{FAE04EC0-301F-11D3-BF4B-00C04F79EFBC}") = "Panels", "Panels\Panels.csproj", "{210ADB9E-CFCA-429A-B1E1-9AB878BD5DE1}"
EndProject
Global
	GlobalSection(SolutionConfigurationPlatforms) = preSolution
		Debug|Any CPU = Debug|Any CPU
		Release|Any CPU = Release|Any CPU
	EndGlobalSection
	GlobalSection(ProjectConfigurationPlatforms) = postSolution
		{6AE607A0-8BFF-4040-8CF9-4264D2D904DA}.Debug|Any CPU.ActiveCfg = Debug|Any CPU
		{6AE607A0-8BFF-4040-8CF9-4264D2D904DA}.Debug|Any CPU.Build.0 = Debug|Any CPU
		{6AE607A0-8BFF-4040-8CF9-4264D2D904DA}.Release|Any CPU.ActiveCfg = Release|Any CPU
		{6AE607A0-8BFF-4040-8CF9-4264D2D904DA}.Release|Any CPU.Build.0 = Release|Any CPU
		{E9D2B7D1-3827-46A5-9472-B22A791CA2EF}.Debug|Any CPU.ActiveCfg = Debug|Any CPU
		{E9D2B7D1-3827-46A5-9472-B22A791CA2EF}.Debug|Any CPU.Build.0 = Debug|Any CPU
		{E9D2B7D1-3827-46A5-9472-B22A791CA2EF}.Release|Any CPU.ActiveCfg = Release|Any CPU
		{E9D2B7D1-3827-46A5-9472-B22A791CA2EF}.Release|Any CPU.Build.0 = Release|Any CPU
		{CEBE8374-6C61-4D4B-ACE8-49E3B524D746}.Debug|Any CPU.ActiveCfg = Debug|Any CPU
		{CEBE8374-6C61-4D4B-ACE8-49E3B524D746}.Debug|Any CPU.Build.0 = Debug|Any CPU
		{CEBE8374-6C61-4D4B-ACE8-49E3B524D746}.Release|Any CPU.ActiveCfg = Release|Any CPU
		{CEBE8374-6C61-4D4B-ACE8-49E3B524D746}.Release|Any CPU.Build.0 = Release|Any CPU
		{210ADB9E-CFCA-429A-B1E1-9AB878BD5DE1}.Debug|Any CPU.ActiveCfg = Debug|Any CPU
		{210ADB9E-CFCA-429A-B1E1-9AB878BD5DE1}.Debug|Any CPU.Build.0 = Debug|Any CPU
		{210ADB9E-CFCA-429A-B1E1-9AB878BD5DE1}.Release|Any CPU.ActiveCfg = Release|Any CPU
		{210ADB9E-CFCA-429A-B1E1-9AB878BD5DE1}.Release|Any CPU.Build.0 = Release|Any CPU
	EndGlobalSection
	GlobalSection(SolutionProperties) = preSolution
		HideSolutionNode = FALSE
	EndGlobalSection
	GlobalSection(ExtensibilityGlobals) = postSolution
		SolutionGuid = {D2A63A4C-56CC-40D2-90E9-049D7E8E2864}
	EndGlobalSection
EndGlobal
